// !$*UTF8*$!
{
	archiveVersion = 1;
	classes = {
	};
	objectVersion = 50;
	objects = {

/* Begin PBXBuildFile section */
		25A6CDFD26B7DAEB00C391A2 /* AppDelegate.swift in Sources */ = {isa = PBXBuildFile; fileRef = 25A6CDFC26B7DAEB00C391A2 /* AppDelegate.swift */; };
		25A6CDFF26B7DAEB00C391A2 /* SceneDelegate.swift in Sources */ = {isa = PBXBuildFile; fileRef = 25A6CDFE26B7DAEB00C391A2 /* SceneDelegate.swift */; };
		25A6CE0426B7DAEB00C391A2 /* Main.storyboard in Resources */ = {isa = PBXBuildFile; fileRef = 25A6CE0226B7DAEB00C391A2 /* Main.storyboard */; };
		25A6CE0626B7DAEF00C391A2 /* Assets.xcassets in Resources */ = {isa = PBXBuildFile; fileRef = 25A6CE0526B7DAEF00C391A2 /* Assets.xcassets */; };
		25A6CE0926B7DAEF00C391A2 /* LaunchScreen.storyboard in Resources */ = {isa = PBXBuildFile; fileRef = 25A6CE0726B7DAEF00C391A2 /* LaunchScreen.storyboard */; };
		25A6CE1426B7DAF000C391A2 /* SocialMediaAppTests.swift in Sources */ = {isa = PBXBuildFile; fileRef = 25A6CE1326B7DAF000C391A2 /* SocialMediaAppTests.swift */; };
		25A6CE1F26B7DAF100C391A2 /* SocialMediaAppUITests.swift in Sources */ = {isa = PBXBuildFile; fileRef = 25A6CE1E26B7DAF100C391A2 /* SocialMediaAppUITests.swift */; };
		25A6CE2F26B7E35700C391A2 /* FeedListViewController.swift in Sources */ = {isa = PBXBuildFile; fileRef = 25A6CE2E26B7E35700C391A2 /* FeedListViewController.swift */; };
		25A6CE3126B7E36900C391A2 /* FeedListCell.xib in Resources */ = {isa = PBXBuildFile; fileRef = 25A6CE3026B7E36900C391A2 /* FeedListCell.xib */; };
		25A6CE3426B7E75300C391A2 /* FeedList.swift in Sources */ = {isa = PBXBuildFile; fileRef = 25A6CE3326B7E75300C391A2 /* FeedList.swift */; };
		25A6CE3826B7E85000C391A2 /* Endpoint.swift in Sources */ = {isa = PBXBuildFile; fileRef = 25A6CE3726B7E84F00C391A2 /* Endpoint.swift */; };
		25A6CE3A26B7E85C00C391A2 /* ListEndPoint.swift in Sources */ = {isa = PBXBuildFile; fileRef = 25A6CE3926B7E85C00C391A2 /* ListEndPoint.swift */; };
		25A6CE3D26B7E88000C391A2 /* Constants.swift in Sources */ = {isa = PBXBuildFile; fileRef = 25A6CE3C26B7E88000C391A2 /* Constants.swift */; };
		25A6CE3F26B7E8FB00C391A2 /* APIService.swift in Sources */ = {isa = PBXBuildFile; fileRef = 25A6CE3E26B7E8FB00C391A2 /* APIService.swift */; };
		25A6CE4226B7EDA800C391A2 /* FeedListDataSource.swift in Sources */ = {isa = PBXBuildFile; fileRef = 25A6CE4126B7EDA800C391A2 /* FeedListDataSource.swift */; };
		25A6CE4426B802D000C391A2 /* FeedListCell.swift in Sources */ = {isa = PBXBuildFile; fileRef = 25A6CE4326B802D000C391A2 /* FeedListCell.swift */; };
		25A6CE4626B803ED00C391A2 /* FeedListViewModel.swift in Sources */ = {isa = PBXBuildFile; fileRef = 25A6CE4526B803ED00C391A2 /* FeedListViewModel.swift */; };
		25A6CE4926B8059E00C391A2 /* AlertController.swift in Sources */ = {isa = PBXBuildFile; fileRef = 25A6CE4826B8059E00C391A2 /* AlertController.swift */; };
		25A6CE4B26B805C700C391A2 /* SpinnerController.swift in Sources */ = {isa = PBXBuildFile; fileRef = 25A6CE4A26B805C700C391A2 /* SpinnerController.swift */; };
		25A6CE4D26B809E700C391A2 /* CommonValue.swift in Sources */ = {isa = PBXBuildFile; fileRef = 25A6CE4C26B809E700C391A2 /* CommonValue.swift */; };
		25A6CE5126B8EFE200C391A2 /* FeedListTableHeader.swift in Sources */ = {isa = PBXBuildFile; fileRef = 25A6CE5026B8EFE100C391A2 /* FeedListTableHeader.swift */; };
		25A6CE5326B8EFF300C391A2 /* FeedListTableHeader.xib in Resources */ = {isa = PBXBuildFile; fileRef = 25A6CE5226B8EFF300C391A2 /* FeedListTableHeader.xib */; };
		25A6CE5526B8F26500C391A2 /* Profile.swift in Sources */ = {isa = PBXBuildFile; fileRef = 25A6CE5426B8F26500C391A2 /* Profile.swift */; };
		25A6CE5726B8F58500C391A2 /* ProfileEndPoint.swift in Sources */ = {isa = PBXBuildFile; fileRef = 25A6CE5626B8F58500C391A2 /* ProfileEndPoint.swift */; };
		25A6CE5926B9159C00C391A2 /* ProfileViewModel.swift in Sources */ = {isa = PBXBuildFile; fileRef = 25A6CE5826B9159B00C391A2 /* ProfileViewModel.swift */; };
		25A6CE5B26B9164300C391A2 /* ProfileDataSource.swift in Sources */ = {isa = PBXBuildFile; fileRef = 25A6CE5A26B9164300C391A2 /* ProfileDataSource.swift */; };
		25A6CE5E26B9181A00C391A2 /* ProfileViewController.swift in Sources */ = {isa = PBXBuildFile; fileRef = 25A6CE5D26B9181A00C391A2 /* ProfileViewController.swift */; };
		25A6CE6026B9396800C391A2 /* ProfileCell.swift in Sources */ = {isa = PBXBuildFile; fileRef = 25A6CE5F26B9396700C391A2 /* ProfileCell.swift */; };
		25A6CE6226B9397500C391A2 /* ProfileCell.xib in Resources */ = {isa = PBXBuildFile; fileRef = 25A6CE6126B9397500C391A2 /* ProfileCell.xib */; };
		25A6CE6426B93DF400C391A2 /* CommentViewController.swift in Sources */ = {isa = PBXBuildFile; fileRef = 25A6CE6326B93DEC00C391A2 /* CommentViewController.swift */; };
		25A6CE6726B93E2C00C391A2 /* CommentDataSource.swift in Sources */ = {isa = PBXBuildFile; fileRef = 25A6CE6626B93E2C00C391A2 /* CommentDataSource.swift */; };
		25A6CE6926B93E3600C391A2 /* CommentViewModel.swift in Sources */ = {isa = PBXBuildFile; fileRef = 25A6CE6826B93E3600C391A2 /* CommentViewModel.swift */; };
		25A6CE6B26B93EF700C391A2 /* Comment.swift in Sources */ = {isa = PBXBuildFile; fileRef = 25A6CE6A26B93EF700C391A2 /* Comment.swift */; };
		25A6CE7126B9406400C391A2 /* CommentEndPoint.swift in Sources */ = {isa = PBXBuildFile; fileRef = 25A6CE7026B9406400C391A2 /* CommentEndPoint.swift */; };
/* End PBXBuildFile section */

/* Begin PBXContainerItemProxy section */
		25A6CE1026B7DAF000C391A2 /* PBXContainerItemProxy */ = {
			isa = PBXContainerItemProxy;
			containerPortal = 25A6CDF126B7DAEB00C391A2 /* Project object */;
			proxyType = 1;
			remoteGlobalIDString = 25A6CDF826B7DAEB00C391A2;
			remoteInfo = SocialMediaApp;
		};
		25A6CE1B26B7DAF100C391A2 /* PBXContainerItemProxy */ = {
			isa = PBXContainerItemProxy;
			containerPortal = 25A6CDF126B7DAEB00C391A2 /* Project object */;
			proxyType = 1;
			remoteGlobalIDString = 25A6CDF826B7DAEB00C391A2;
			remoteInfo = SocialMediaApp;
		};
/* End PBXContainerItemProxy section */

/* Begin PBXFileReference section */
		25A6CDF926B7DAEB00C391A2 /* SocialMediaApp.app */ = {isa = PBXFileReference; explicitFileType = wrapper.application; includeInIndex = 0; path = SocialMediaApp.app; sourceTree = BUILT_PRODUCTS_DIR; };
		25A6CDFC26B7DAEB00C391A2 /* AppDelegate.swift */ = {isa = PBXFileReference; lastKnownFileType = sourcecode.swift; path = AppDelegate.swift; sourceTree = "<group>"; };
		25A6CDFE26B7DAEB00C391A2 /* SceneDelegate.swift */ = {isa = PBXFileReference; lastKnownFileType = sourcecode.swift; path = SceneDelegate.swift; sourceTree = "<group>"; };
		25A6CE0326B7DAEB00C391A2 /* Base */ = {isa = PBXFileReference; lastKnownFileType = file.storyboard; name = Base; path = Base.lproj/Main.storyboard; sourceTree = "<group>"; };
		25A6CE0526B7DAEF00C391A2 /* Assets.xcassets */ = {isa = PBXFileReference; lastKnownFileType = folder.assetcatalog; path = Assets.xcassets; sourceTree = "<group>"; };
		25A6CE0826B7DAEF00C391A2 /* Base */ = {isa = PBXFileReference; lastKnownFileType = file.storyboard; name = Base; path = Base.lproj/LaunchScreen.storyboard; sourceTree = "<group>"; };
		25A6CE0A26B7DAEF00C391A2 /* Info.plist */ = {isa = PBXFileReference; lastKnownFileType = text.plist.xml; path = Info.plist; sourceTree = "<group>"; };
		25A6CE0F26B7DAF000C391A2 /* SocialMediaAppTests.xctest */ = {isa = PBXFileReference; explicitFileType = wrapper.cfbundle; includeInIndex = 0; path = SocialMediaAppTests.xctest; sourceTree = BUILT_PRODUCTS_DIR; };
		25A6CE1326B7DAF000C391A2 /* SocialMediaAppTests.swift */ = {isa = PBXFileReference; lastKnownFileType = sourcecode.swift; path = SocialMediaAppTests.swift; sourceTree = "<group>"; };
		25A6CE1526B7DAF000C391A2 /* Info.plist */ = {isa = PBXFileReference; lastKnownFileType = text.plist.xml; path = Info.plist; sourceTree = "<group>"; };
		25A6CE1A26B7DAF100C391A2 /* SocialMediaAppUITests.xctest */ = {isa = PBXFileReference; explicitFileType = wrapper.cfbundle; includeInIndex = 0; path = SocialMediaAppUITests.xctest; sourceTree = BUILT_PRODUCTS_DIR; };
		25A6CE1E26B7DAF100C391A2 /* SocialMediaAppUITests.swift */ = {isa = PBXFileReference; lastKnownFileType = sourcecode.swift; path = SocialMediaAppUITests.swift; sourceTree = "<group>"; };
		25A6CE2026B7DAF100C391A2 /* Info.plist */ = {isa = PBXFileReference; lastKnownFileType = text.plist.xml; path = Info.plist; sourceTree = "<group>"; };
		25A6CE2E26B7E35700C391A2 /* FeedListViewController.swift */ = {isa = PBXFileReference; lastKnownFileType = sourcecode.swift; path = FeedListViewController.swift; sourceTree = "<group>"; };
		25A6CE3026B7E36900C391A2 /* FeedListCell.xib */ = {isa = PBXFileReference; lastKnownFileType = file.xib; path = FeedListCell.xib; sourceTree = "<group>"; };
		25A6CE3326B7E75300C391A2 /* FeedList.swift */ = {isa = PBXFileReference; lastKnownFileType = sourcecode.swift; path = FeedList.swift; sourceTree = "<group>"; };
		25A6CE3726B7E84F00C391A2 /* Endpoint.swift */ = {isa = PBXFileReference; lastKnownFileType = sourcecode.swift; path = Endpoint.swift; sourceTree = "<group>"; };
		25A6CE3926B7E85C00C391A2 /* ListEndPoint.swift */ = {isa = PBXFileReference; lastKnownFileType = sourcecode.swift; path = ListEndPoint.swift; sourceTree = "<group>"; };
		25A6CE3C26B7E88000C391A2 /* Constants.swift */ = {isa = PBXFileReference; lastKnownFileType = sourcecode.swift; path = Constants.swift; sourceTree = "<group>"; };
		25A6CE3E26B7E8FB00C391A2 /* APIService.swift */ = {isa = PBXFileReference; lastKnownFileType = sourcecode.swift; path = APIService.swift; sourceTree = "<group>"; };
		25A6CE4126B7EDA800C391A2 /* FeedListDataSource.swift */ = {isa = PBXFileReference; lastKnownFileType = sourcecode.swift; path = FeedListDataSource.swift; sourceTree = "<group>"; };
		25A6CE4326B802D000C391A2 /* FeedListCell.swift */ = {isa = PBXFileReference; lastKnownFileType = sourcecode.swift; path = FeedListCell.swift; sourceTree = "<group>"; };
		25A6CE4526B803ED00C391A2 /* FeedListViewModel.swift */ = {isa = PBXFileReference; lastKnownFileType = sourcecode.swift; path = FeedListViewModel.swift; sourceTree = "<group>"; };
		25A6CE4826B8059E00C391A2 /* AlertController.swift */ = {isa = PBXFileReference; lastKnownFileType = sourcecode.swift; path = AlertController.swift; sourceTree = "<group>"; };
		25A6CE4A26B805C700C391A2 /* SpinnerController.swift */ = {isa = PBXFileReference; lastKnownFileType = sourcecode.swift; path = SpinnerController.swift; sourceTree = "<group>"; };
		25A6CE4C26B809E700C391A2 /* CommonValue.swift */ = {isa = PBXFileReference; lastKnownFileType = sourcecode.swift; path = CommonValue.swift; sourceTree = "<group>"; };
		25A6CE5026B8EFE100C391A2 /* FeedListTableHeader.swift */ = {isa = PBXFileReference; lastKnownFileType = sourcecode.swift; path = FeedListTableHeader.swift; sourceTree = "<group>"; };
		25A6CE5226B8EFF300C391A2 /* FeedListTableHeader.xib */ = {isa = PBXFileReference; lastKnownFileType = file.xib; path = FeedListTableHeader.xib; sourceTree = "<group>"; };
		25A6CE5426B8F26500C391A2 /* Profile.swift */ = {isa = PBXFileReference; lastKnownFileType = sourcecode.swift; path = Profile.swift; sourceTree = "<group>"; };
		25A6CE5626B8F58500C391A2 /* ProfileEndPoint.swift */ = {isa = PBXFileReference; lastKnownFileType = sourcecode.swift; path = ProfileEndPoint.swift; sourceTree = "<group>"; };
		25A6CE5826B9159B00C391A2 /* ProfileViewModel.swift */ = {isa = PBXFileReference; lastKnownFileType = sourcecode.swift; path = ProfileViewModel.swift; sourceTree = "<group>"; };
		25A6CE5A26B9164300C391A2 /* ProfileDataSource.swift */ = {isa = PBXFileReference; lastKnownFileType = sourcecode.swift; path = ProfileDataSource.swift; sourceTree = "<group>"; };
		25A6CE5D26B9181A00C391A2 /* ProfileViewController.swift */ = {isa = PBXFileReference; lastKnownFileType = sourcecode.swift; path = ProfileViewController.swift; sourceTree = "<group>"; };
		25A6CE5F26B9396700C391A2 /* ProfileCell.swift */ = {isa = PBXFileReference; lastKnownFileType = sourcecode.swift; path = ProfileCell.swift; sourceTree = "<group>"; };
		25A6CE6126B9397500C391A2 /* ProfileCell.xib */ = {isa = PBXFileReference; lastKnownFileType = file.xib; path = ProfileCell.xib; sourceTree = "<group>"; };
		25A6CE6326B93DEC00C391A2 /* CommentViewController.swift */ = {isa = PBXFileReference; lastKnownFileType = sourcecode.swift; path = CommentViewController.swift; sourceTree = "<group>"; };
		25A6CE6626B93E2C00C391A2 /* CommentDataSource.swift */ = {isa = PBXFileReference; lastKnownFileType = sourcecode.swift; path = CommentDataSource.swift; sourceTree = "<group>"; };
		25A6CE6826B93E3600C391A2 /* CommentViewModel.swift */ = {isa = PBXFileReference; lastKnownFileType = sourcecode.swift; path = CommentViewModel.swift; sourceTree = "<group>"; };
		25A6CE6A26B93EF700C391A2 /* Comment.swift */ = {isa = PBXFileReference; lastKnownFileType = sourcecode.swift; path = Comment.swift; sourceTree = "<group>"; };
		25A6CE7026B9406400C391A2 /* CommentEndPoint.swift */ = {isa = PBXFileReference; lastKnownFileType = sourcecode.swift; path = CommentEndPoint.swift; sourceTree = "<group>"; };
/* End PBXFileReference section */

/* Begin PBXFrameworksBuildPhase section */
		25A6CDF626B7DAEB00C391A2 /* Frameworks */ = {
			isa = PBXFrameworksBuildPhase;
			buildActionMask = 2147483647;
			files = (
			);
			runOnlyForDeploymentPostprocessing = 0;
		};
		25A6CE0C26B7DAF000C391A2 /* Frameworks */ = {
			isa = PBXFrameworksBuildPhase;
			buildActionMask = 2147483647;
			files = (
			);
			runOnlyForDeploymentPostprocessing = 0;
		};
		25A6CE1726B7DAF100C391A2 /* Frameworks */ = {
			isa = PBXFrameworksBuildPhase;
			buildActionMask = 2147483647;
			files = (
			);
			runOnlyForDeploymentPostprocessing = 0;
		};
/* End PBXFrameworksBuildPhase section */

/* Begin PBXGroup section */
		25A6CDF026B7DAEA00C391A2 = {
			isa = PBXGroup;
			children = (
				25A6CDFB26B7DAEB00C391A2 /* SocialMediaApp */,
				25A6CE1226B7DAF000C391A2 /* SocialMediaAppTests */,
				25A6CE1D26B7DAF100C391A2 /* SocialMediaAppUITests */,
				25A6CDFA26B7DAEB00C391A2 /* Products */,
			);
			sourceTree = "<group>";
		};
		25A6CDFA26B7DAEB00C391A2 /* Products */ = {
			isa = PBXGroup;
			children = (
				25A6CDF926B7DAEB00C391A2 /* SocialMediaApp.app */,
				25A6CE0F26B7DAF000C391A2 /* SocialMediaAppTests.xctest */,
				25A6CE1A26B7DAF100C391A2 /* SocialMediaAppUITests.xctest */,
			);
			name = Products;
			sourceTree = "<group>";
		};
		25A6CDFB26B7DAEB00C391A2 /* SocialMediaApp */ = {
			isa = PBXGroup;
			children = (
				25A6CE4726B8058A00C391A2 /* HelperControllers */,
				25A6CE3B26B7E87200C391A2 /* Resources */,
				25A6CE3526B7E83400C391A2 /* API-Services */,
				25A6CE2D26B7E33300C391A2 /* View */,
				25A6CE4026B7EC7F00C391A2 /* ViewModel */,
				25A6CE3226B7E73300C391A2 /* Model */,
				25A6CDFC26B7DAEB00C391A2 /* AppDelegate.swift */,
				25A6CDFE26B7DAEB00C391A2 /* SceneDelegate.swift */,
				25A6CE0226B7DAEB00C391A2 /* Main.storyboard */,
				25A6CE0526B7DAEF00C391A2 /* Assets.xcassets */,
				25A6CE0726B7DAEF00C391A2 /* LaunchScreen.storyboard */,
				25A6CE0A26B7DAEF00C391A2 /* Info.plist */,
			);
			path = SocialMediaApp;
			sourceTree = "<group>";
		};
		25A6CE1226B7DAF000C391A2 /* SocialMediaAppTests */ = {
			isa = PBXGroup;
			children = (
				25A6CE1326B7DAF000C391A2 /* SocialMediaAppTests.swift */,
				25A6CE1526B7DAF000C391A2 /* Info.plist */,
			);
			path = SocialMediaAppTests;
			sourceTree = "<group>";
		};
		25A6CE1D26B7DAF100C391A2 /* SocialMediaAppUITests */ = {
			isa = PBXGroup;
			children = (
				25A6CE1E26B7DAF100C391A2 /* SocialMediaAppUITests.swift */,
				25A6CE2026B7DAF100C391A2 /* Info.plist */,
			);
			path = SocialMediaAppUITests;
			sourceTree = "<group>";
		};
		25A6CE2C26B7E30800C391A2 /* FeedList */ = {
			isa = PBXGroup;
			children = (
				25A6CE2E26B7E35700C391A2 /* FeedListViewController.swift */,
				25A6CE3026B7E36900C391A2 /* FeedListCell.xib */,
				25A6CE4326B802D000C391A2 /* FeedListCell.swift */,
				25A6CE5026B8EFE100C391A2 /* FeedListTableHeader.swift */,
				25A6CE5226B8EFF300C391A2 /* FeedListTableHeader.xib */,
			);
			path = FeedList;
			sourceTree = "<group>";
		};
		25A6CE2D26B7E33300C391A2 /* View */ = {
			isa = PBXGroup;
			children = (
				25A6CE6526B93DFC00C391A2 /* CommentView */,
				25A6CE5C26B9180900C391A2 /* Profile */,
				25A6CE2C26B7E30800C391A2 /* FeedList */,
			);
			path = View;
			sourceTree = "<group>";
		};
		25A6CE3226B7E73300C391A2 /* Model */ = {
			isa = PBXGroup;
			children = (
				25A6CE3326B7E75300C391A2 /* FeedList.swift */,
				25A6CE4C26B809E700C391A2 /* CommonValue.swift */,
				25A6CE5426B8F26500C391A2 /* Profile.swift */,
				25A6CE6A26B93EF700C391A2 /* Comment.swift */,
			);
			path = Model;
			sourceTree = "<group>";
		};
		25A6CE3526B7E83400C391A2 /* API-Services */ = {
			isa = PBXGroup;
			children = (
				25A6CE3626B7E84000C391A2 /* Endpoints */,
				25A6CE3E26B7E8FB00C391A2 /* APIService.swift */,
			);
			path = "API-Services";
			sourceTree = "<group>";
		};
		25A6CE3626B7E84000C391A2 /* Endpoints */ = {
			isa = PBXGroup;
			children = (
				25A6CE3726B7E84F00C391A2 /* Endpoint.swift */,
				25A6CE3926B7E85C00C391A2 /* ListEndPoint.swift */,
				25A6CE5626B8F58500C391A2 /* ProfileEndPoint.swift */,
				25A6CE7026B9406400C391A2 /* CommentEndPoint.swift */,
			);
			path = Endpoints;
			sourceTree = "<group>";
		};
		25A6CE3B26B7E87200C391A2 /* Resources */ = {
			isa = PBXGroup;
			children = (
				25A6CE3C26B7E88000C391A2 /* Constants.swift */,
			);
			path = Resources;
			sourceTree = "<group>";
		};
		25A6CE4026B7EC7F00C391A2 /* ViewModel */ = {
			isa = PBXGroup;
			children = (
				25A6CE4126B7EDA800C391A2 /* FeedListDataSource.swift */,
				25A6CE4526B803ED00C391A2 /* FeedListViewModel.swift */,
				25A6CE5A26B9164300C391A2 /* ProfileDataSource.swift */,
				25A6CE5826B9159B00C391A2 /* ProfileViewModel.swift */,
				25A6CE6626B93E2C00C391A2 /* CommentDataSource.swift */,
				25A6CE6826B93E3600C391A2 /* CommentViewModel.swift */,
			);
			path = ViewModel;
			sourceTree = "<group>";
		};
		25A6CE4726B8058A00C391A2 /* HelperControllers */ = {
			isa = PBXGroup;
			children = (
				25A6CE4826B8059E00C391A2 /* AlertController.swift */,
				25A6CE4A26B805C700C391A2 /* SpinnerController.swift */,
			);
			path = HelperControllers;
			sourceTree = "<group>";
		};
		25A6CE5C26B9180900C391A2 /* Profile */ = {
			isa = PBXGroup;
			children = (
				25A6CE5D26B9181A00C391A2 /* ProfileViewController.swift */,
				25A6CE5F26B9396700C391A2 /* ProfileCell.swift */,
				25A6CE6126B9397500C391A2 /* ProfileCell.xib */,
			);
			path = Profile;
			sourceTree = "<group>";
		};
		25A6CE6526B93DFC00C391A2 /* CommentView */ = {
			isa = PBXGroup;
			children = (
				25A6CE6326B93DEC00C391A2 /* CommentViewController.swift */,
			);
			path = CommentView;
			sourceTree = "<group>";
		};
/* End PBXGroup section */

/* Begin PBXNativeTarget section */
		25A6CDF826B7DAEB00C391A2 /* SocialMediaApp */ = {
			isa = PBXNativeTarget;
			buildConfigurationList = 25A6CE2326B7DAF100C391A2 /* Build configuration list for PBXNativeTarget "SocialMediaApp" */;
			buildPhases = (
				25A6CDF526B7DAEB00C391A2 /* Sources */,
				25A6CDF626B7DAEB00C391A2 /* Frameworks */,
				25A6CDF726B7DAEB00C391A2 /* Resources */,
			);
			buildRules = (
			);
			dependencies = (
			);
			name = SocialMediaApp;
			productName = SocialMediaApp;
			productReference = 25A6CDF926B7DAEB00C391A2 /* SocialMediaApp.app */;
			productType = "com.apple.product-type.application";
		};
		25A6CE0E26B7DAF000C391A2 /* SocialMediaAppTests */ = {
			isa = PBXNativeTarget;
			buildConfigurationList = 25A6CE2626B7DAF100C391A2 /* Build configuration list for PBXNativeTarget "SocialMediaAppTests" */;
			buildPhases = (
				25A6CE0B26B7DAF000C391A2 /* Sources */,
				25A6CE0C26B7DAF000C391A2 /* Frameworks */,
				25A6CE0D26B7DAF000C391A2 /* Resources */,
			);
			buildRules = (
			);
			dependencies = (
				25A6CE1126B7DAF000C391A2 /* PBXTargetDependency */,
			);
			name = SocialMediaAppTests;
			productName = SocialMediaAppTests;
			productReference = 25A6CE0F26B7DAF000C391A2 /* SocialMediaAppTests.xctest */;
			productType = "com.apple.product-type.bundle.unit-test";
		};
		25A6CE1926B7DAF100C391A2 /* SocialMediaAppUITests */ = {
			isa = PBXNativeTarget;
			buildConfigurationList = 25A6CE2926B7DAF100C391A2 /* Build configuration list for PBXNativeTarget "SocialMediaAppUITests" */;
			buildPhases = (
				25A6CE1626B7DAF100C391A2 /* Sources */,
				25A6CE1726B7DAF100C391A2 /* Frameworks */,
				25A6CE1826B7DAF100C391A2 /* Resources */,
			);
			buildRules = (
			);
			dependencies = (
				25A6CE1C26B7DAF100C391A2 /* PBXTargetDependency */,
			);
			name = SocialMediaAppUITests;
			productName = SocialMediaAppUITests;
			productReference = 25A6CE1A26B7DAF100C391A2 /* SocialMediaAppUITests.xctest */;
			productType = "com.apple.product-type.bundle.ui-testing";
		};
/* End PBXNativeTarget section */

/* Begin PBXProject section */
		25A6CDF126B7DAEB00C391A2 /* Project object */ = {
			isa = PBXProject;
			attributes = {
				LastSwiftUpdateCheck = 1250;
				LastUpgradeCheck = 1250;
				TargetAttributes = {
					25A6CDF826B7DAEB00C391A2 = {
						CreatedOnToolsVersion = 12.5.1;
					};
					25A6CE0E26B7DAF000C391A2 = {
						CreatedOnToolsVersion = 12.5.1;
						TestTargetID = 25A6CDF826B7DAEB00C391A2;
					};
					25A6CE1926B7DAF100C391A2 = {
						CreatedOnToolsVersion = 12.5.1;
						TestTargetID = 25A6CDF826B7DAEB00C391A2;
					};
				};
			};
			buildConfigurationList = 25A6CDF426B7DAEB00C391A2 /* Build configuration list for PBXProject "SocialMediaApp" */;
			compatibilityVersion = "Xcode 9.3";
			developmentRegion = en;
			hasScannedForEncodings = 0;
			knownRegions = (
				en,
				Base,
			);
			mainGroup = 25A6CDF026B7DAEA00C391A2;
			productRefGroup = 25A6CDFA26B7DAEB00C391A2 /* Products */;
			projectDirPath = "";
			projectRoot = "";
			targets = (
				25A6CDF826B7DAEB00C391A2 /* SocialMediaApp */,
				25A6CE0E26B7DAF000C391A2 /* SocialMediaAppTests */,
				25A6CE1926B7DAF100C391A2 /* SocialMediaAppUITests */,
			);
		};
/* End PBXProject section */

/* Begin PBXResourcesBuildPhase section */
		25A6CDF726B7DAEB00C391A2 /* Resources */ = {
			isa = PBXResourcesBuildPhase;
			buildActionMask = 2147483647;
			files = (
				25A6CE0926B7DAEF00C391A2 /* LaunchScreen.storyboard in Resources */,
				25A6CE3126B7E36900C391A2 /* FeedListCell.xib in Resources */,
				25A6CE0626B7DAEF00C391A2 /* Assets.xcassets in Resources */,
				25A6CE6226B9397500C391A2 /* ProfileCell.xib in Resources */,
				25A6CE5326B8EFF300C391A2 /* FeedListTableHeader.xib in Resources */,
				25A6CE0426B7DAEB00C391A2 /* Main.storyboard in Resources */,
			);
			runOnlyForDeploymentPostprocessing = 0;
		};
		25A6CE0D26B7DAF000C391A2 /* Resources */ = {
			isa = PBXResourcesBuildPhase;
			buildActionMask = 2147483647;
			files = (
			);
			runOnlyForDeploymentPostprocessing = 0;
		};
		25A6CE1826B7DAF100C391A2 /* Resources */ = {
			isa = PBXResourcesBuildPhase;
			buildActionMask = 2147483647;
			files = (
			);
			runOnlyForDeploymentPostprocessing = 0;
		};
/* End PBXResourcesBuildPhase section */

/* Begin PBXSourcesBuildPhase section */
		25A6CDF526B7DAEB00C391A2 /* Sources */ = {
			isa = PBXSourcesBuildPhase;
			buildActionMask = 2147483647;
			files = (
				25A6CE5526B8F26500C391A2 /* Profile.swift in Sources */,
				25A6CE5926B9159C00C391A2 /* ProfileViewModel.swift in Sources */,
				25A6CE5B26B9164300C391A2 /* ProfileDataSource.swift in Sources */,
				25A6CE6926B93E3600C391A2 /* CommentViewModel.swift in Sources */,
				25A6CE6026B9396800C391A2 /* ProfileCell.swift in Sources */,
				25A6CE4926B8059E00C391A2 /* AlertController.swift in Sources */,
				25A6CE4226B7EDA800C391A2 /* FeedListDataSource.swift in Sources */,
				25A6CE4626B803ED00C391A2 /* FeedListViewModel.swift in Sources */,
				25A6CE3A26B7E85C00C391A2 /* ListEndPoint.swift in Sources */,
				25A6CE5726B8F58500C391A2 /* ProfileEndPoint.swift in Sources */,
				25A6CE5126B8EFE200C391A2 /* FeedListTableHeader.swift in Sources */,
				25A6CDFD26B7DAEB00C391A2 /* AppDelegate.swift in Sources */,
				25A6CE2F26B7E35700C391A2 /* FeedListViewController.swift in Sources */,
				25A6CE3426B7E75300C391A2 /* FeedList.swift in Sources */,
				25A6CE3826B7E85000C391A2 /* Endpoint.swift in Sources */,
				25A6CE4D26B809E700C391A2 /* CommonValue.swift in Sources */,
				25A6CE6726B93E2C00C391A2 /* CommentDataSource.swift in Sources */,
				25A6CE4B26B805C700C391A2 /* SpinnerController.swift in Sources */,
				25A6CDFF26B7DAEB00C391A2 /* SceneDelegate.swift in Sources */,
				25A6CE3F26B7E8FB00C391A2 /* APIService.swift in Sources */,
				25A6CE7126B9406400C391A2 /* CommentEndPoint.swift in Sources */,
				25A6CE6B26B93EF700C391A2 /* Comment.swift in Sources */,
				25A6CE5E26B9181A00C391A2 /* ProfileViewController.swift in Sources */,
				25A6CE4426B802D000C391A2 /* FeedListCell.swift in Sources */,
				25A6CE3D26B7E88000C391A2 /* Constants.swift in Sources */,
				25A6CE6426B93DF400C391A2 /* CommentViewController.swift in Sources */,
			);
			runOnlyForDeploymentPostprocessing = 0;
		};
		25A6CE0B26B7DAF000C391A2 /* Sources */ = {
			isa = PBXSourcesBuildPhase;
			buildActionMask = 2147483647;
			files = (
				25A6CE1426B7DAF000C391A2 /* SocialMediaAppTests.swift in Sources */,
			);
			runOnlyForDeploymentPostprocessing = 0;
		};
		25A6CE1626B7DAF100C391A2 /* Sources */ = {
			isa = PBXSourcesBuildPhase;
			buildActionMask = 2147483647;
			files = (
				25A6CE1F26B7DAF100C391A2 /* SocialMediaAppUITests.swift in Sources */,
			);
			runOnlyForDeploymentPostprocessing = 0;
		};
/* End PBXSourcesBuildPhase section */

/* Begin PBXTargetDependency section */
		25A6CE1126B7DAF000C391A2 /* PBXTargetDependency */ = {
			isa = PBXTargetDependency;
			target = 25A6CDF826B7DAEB00C391A2 /* SocialMediaApp */;
			targetProxy = 25A6CE1026B7DAF000C391A2 /* PBXContainerItemProxy */;
		};
		25A6CE1C26B7DAF100C391A2 /* PBXTargetDependency */ = {
			isa = PBXTargetDependency;
			target = 25A6CDF826B7DAEB00C391A2 /* SocialMediaApp */;
			targetProxy = 25A6CE1B26B7DAF100C391A2 /* PBXContainerItemProxy */;
		};
/* End PBXTargetDependency section */

/* Begin PBXVariantGroup section */
		25A6CE0226B7DAEB00C391A2 /* Main.storyboard */ = {
			isa = PBXVariantGroup;
			children = (
				25A6CE0326B7DAEB00C391A2 /* Base */,
			);
			name = Main.storyboard;
			sourceTree = "<group>";
		};
		25A6CE0726B7DAEF00C391A2 /* LaunchScreen.storyboard */ = {
			isa = PBXVariantGroup;
			children = (
				25A6CE0826B7DAEF00C391A2 /* Base */,
			);
			name = LaunchScreen.storyboard;
			sourceTree = "<group>";
		};
/* End PBXVariantGroup section */

/* Begin XCBuildConfiguration section */
		25A6CE2126B7DAF100C391A2 /* Debug */ = {
			isa = XCBuildConfiguration;
			buildSettings = {
				ALWAYS_SEARCH_USER_PATHS = NO;
				CLANG_ANALYZER_NONNULL = YES;
				CLANG_ANALYZER_NUMBER_OBJECT_CONVERSION = YES_AGGRESSIVE;
				CLANG_CXX_LANGUAGE_STANDARD = "gnu++14";
				CLANG_CXX_LIBRARY = "libc++";
				CLANG_ENABLE_MODULES = YES;
				CLANG_ENABLE_OBJC_ARC = YES;
				CLANG_ENABLE_OBJC_WEAK = YES;
				CLANG_WARN_BLOCK_CAPTURE_AUTORELEASING = YES;
				CLANG_WARN_BOOL_CONVERSION = YES;
				CLANG_WARN_COMMA = YES;
				CLANG_WARN_CONSTANT_CONVERSION = YES;
				CLANG_WARN_DEPRECATED_OBJC_IMPLEMENTATIONS = YES;
				CLANG_WARN_DIRECT_OBJC_ISA_USAGE = YES_ERROR;
				CLANG_WARN_DOCUMENTATION_COMMENTS = YES;
				CLANG_WARN_EMPTY_BODY = YES;
				CLANG_WARN_ENUM_CONVERSION = YES;
				CLANG_WARN_INFINITE_RECURSION = YES;
				CLANG_WARN_INT_CONVERSION = YES;
				CLANG_WARN_NON_LITERAL_NULL_CONVERSION = YES;
				CLANG_WARN_OBJC_IMPLICIT_RETAIN_SELF = YES;
				CLANG_WARN_OBJC_LITERAL_CONVERSION = YES;
				CLANG_WARN_OBJC_ROOT_CLASS = YES_ERROR;
				CLANG_WARN_QUOTED_INCLUDE_IN_FRAMEWORK_HEADER = YES;
				CLANG_WARN_RANGE_LOOP_ANALYSIS = YES;
				CLANG_WARN_STRICT_PROTOTYPES = YES;
				CLANG_WARN_SUSPICIOUS_MOVE = YES;
				CLANG_WARN_UNGUARDED_AVAILABILITY = YES_AGGRESSIVE;
				CLANG_WARN_UNREACHABLE_CODE = YES;
				CLANG_WARN__DUPLICATE_METHOD_MATCH = YES;
				COPY_PHASE_STRIP = NO;
				DEBUG_INFORMATION_FORMAT = dwarf;
				ENABLE_STRICT_OBJC_MSGSEND = YES;
				ENABLE_TESTABILITY = YES;
				GCC_C_LANGUAGE_STANDARD = gnu11;
				GCC_DYNAMIC_NO_PIC = NO;
				GCC_NO_COMMON_BLOCKS = YES;
				GCC_OPTIMIZATION_LEVEL = 0;
				GCC_PREPROCESSOR_DEFINITIONS = (
					"DEBUG=1",
					"$(inherited)",
				);
				GCC_WARN_64_TO_32_BIT_CONVERSION = YES;
				GCC_WARN_ABOUT_RETURN_TYPE = YES_ERROR;
				GCC_WARN_UNDECLARED_SELECTOR = YES;
				GCC_WARN_UNINITIALIZED_AUTOS = YES_AGGRESSIVE;
				GCC_WARN_UNUSED_FUNCTION = YES;
				GCC_WARN_UNUSED_VARIABLE = YES;
				IPHONEOS_DEPLOYMENT_TARGET = 14.5;
				MTL_ENABLE_DEBUG_INFO = INCLUDE_SOURCE;
				MTL_FAST_MATH = YES;
				ONLY_ACTIVE_ARCH = YES;
				SDKROOT = iphoneos;
				SWIFT_ACTIVE_COMPILATION_CONDITIONS = DEBUG;
				SWIFT_OPTIMIZATION_LEVEL = "-Onone";
			};
			name = Debug;
		};
		25A6CE2226B7DAF100C391A2 /* Release */ = {
			isa = XCBuildConfiguration;
			buildSettings = {
				ALWAYS_SEARCH_USER_PATHS = NO;
				CLANG_ANALYZER_NONNULL = YES;
				CLANG_ANALYZER_NUMBER_OBJECT_CONVERSION = YES_AGGRESSIVE;
				CLANG_CXX_LANGUAGE_STANDARD = "gnu++14";
				CLANG_CXX_LIBRARY = "libc++";
				CLANG_ENABLE_MODULES = YES;
				CLANG_ENABLE_OBJC_ARC = YES;
				CLANG_ENABLE_OBJC_WEAK = YES;
				CLANG_WARN_BLOCK_CAPTURE_AUTORELEASING = YES;
				CLANG_WARN_BOOL_CONVERSION = YES;
				CLANG_WARN_COMMA = YES;
				CLANG_WARN_CONSTANT_CONVERSION = YES;
				CLANG_WARN_DEPRECATED_OBJC_IMPLEMENTATIONS = YES;
				CLANG_WARN_DIRECT_OBJC_ISA_USAGE = YES_ERROR;
				CLANG_WARN_DOCUMENTATION_COMMENTS = YES;
				CLANG_WARN_EMPTY_BODY = YES;
				CLANG_WARN_ENUM_CONVERSION = YES;
				CLANG_WARN_INFINITE_RECURSION = YES;
				CLANG_WARN_INT_CONVERSION = YES;
				CLANG_WARN_NON_LITERAL_NULL_CONVERSION = YES;
				CLANG_WARN_OBJC_IMPLICIT_RETAIN_SELF = YES;
				CLANG_WARN_OBJC_LITERAL_CONVERSION = YES;
				CLANG_WARN_OBJC_ROOT_CLASS = YES_ERROR;
				CLANG_WARN_QUOTED_INCLUDE_IN_FRAMEWORK_HEADER = YES;
				CLANG_WARN_RANGE_LOOP_ANALYSIS = YES;
				CLANG_WARN_STRICT_PROTOTYPES = YES;
				CLANG_WARN_SUSPICIOUS_MOVE = YES;
				CLANG_WARN_UNGUARDED_AVAILABILITY = YES_AGGRESSIVE;
				CLANG_WARN_UNREACHABLE_CODE = YES;
				CLANG_WARN__DUPLICATE_METHOD_MATCH = YES;
				COPY_PHASE_STRIP = NO;
				DEBUG_INFORMATION_FORMAT = "dwarf-with-dsym";
				ENABLE_NS_ASSERTIONS = NO;
				ENABLE_STRICT_OBJC_MSGSEND = YES;
				GCC_C_LANGUAGE_STANDARD = gnu11;
				GCC_NO_COMMON_BLOCKS = YES;
				GCC_WARN_64_TO_32_BIT_CONVERSION = YES;
				GCC_WARN_ABOUT_RETURN_TYPE = YES_ERROR;
				GCC_WARN_UNDECLARED_SELECTOR = YES;
				GCC_WARN_UNINITIALIZED_AUTOS = YES_AGGRESSIVE;
				GCC_WARN_UNUSED_FUNCTION = YES;
				GCC_WARN_UNUSED_VARIABLE = YES;
				IPHONEOS_DEPLOYMENT_TARGET = 14.5;
				MTL_ENABLE_DEBUG_INFO = NO;
				MTL_FAST_MATH = YES;
				SDKROOT = iphoneos;
				SWIFT_COMPILATION_MODE = wholemodule;
				SWIFT_OPTIMIZATION_LEVEL = "-O";
				VALIDATE_PRODUCT = YES;
			};
			name = Release;
		};
		25A6CE2426B7DAF100C391A2 /* Debug */ = {
			isa = XCBuildConfiguration;
			buildSettings = {
				ASSETCATALOG_COMPILER_APPICON_NAME = AppIcon;
				ASSETCATALOG_COMPILER_GLOBAL_ACCENT_COLOR_NAME = AccentColor;
				CODE_SIGN_STYLE = Automatic;
				INFOPLIST_FILE = SocialMediaApp/Info.plist;
				LD_RUNPATH_SEARCH_PATHS = (
					"$(inherited)",
					"@executable_path/Frameworks",
				);
				PRODUCT_BUNDLE_IDENTIFIER = com.personal.SocialMediaApp;
				PRODUCT_NAME = "$(TARGET_NAME)";
				SWIFT_VERSION = 5.0;
				TARGETED_DEVICE_FAMILY = "1,2";
			};
			name = Debug;
		};
		25A6CE2526B7DAF100C391A2 /* Release */ = {
			isa = XCBuildConfiguration;
			buildSettings = {
				ASSETCATALOG_COMPILER_APPICON_NAME = AppIcon;
				ASSETCATALOG_COMPILER_GLOBAL_ACCENT_COLOR_NAME = AccentColor;
				CODE_SIGN_STYLE = Automatic;
				INFOPLIST_FILE = SocialMediaApp/Info.plist;
				LD_RUNPATH_SEARCH_PATHS = (
					"$(inherited)",
					"@executable_path/Frameworks",
				);
				PRODUCT_BUNDLE_IDENTIFIER = com.personal.SocialMediaApp;
				PRODUCT_NAME = "$(TARGET_NAME)";
				SWIFT_VERSION = 5.0;
				TARGETED_DEVICE_FAMILY = "1,2";
			};
			name = Release;
		};
		25A6CE2726B7DAF100C391A2 /* Debug */ = {
			isa = XCBuildConfiguration;
			buildSettings = {
				ALWAYS_EMBED_SWIFT_STANDARD_LIBRARIES = YES;
				BUNDLE_LOADER = "$(TEST_HOST)";
				CODE_SIGN_STYLE = Automatic;
				INFOPLIST_FILE = SocialMediaAppTests/Info.plist;
				IPHONEOS_DEPLOYMENT_TARGET = 14.5;
				LD_RUNPATH_SEARCH_PATHS = (
					"$(inherited)",
					"@executable_path/Frameworks",
					"@loader_path/Frameworks",
				);
				PRODUCT_BUNDLE_IDENTIFIER = com.personal.SocialMediaAppTests;
				PRODUCT_NAME = "$(TARGET_NAME)";
				SWIFT_VERSION = 5.0;
				TARGETED_DEVICE_FAMILY = "1,2";
				TEST_HOST = "$(BUILT_PRODUCTS_DIR)/SocialMediaApp.app/SocialMediaApp";
			};
			name = Debug;
		};
		25A6CE2826B7DAF100C391A2 /* Release */ = {
			isa = XCBuildConfiguration;
			buildSettings = {
				ALWAYS_EMBED_SWIFT_STANDARD_LIBRARIES = YES;
				BUNDLE_LOADER = "$(TEST_HOST)";
				CODE_SIGN_STYLE = Automatic;
				INFOPLIST_FILE = SocialMediaAppTests/Info.plist;
				IPHONEOS_DEPLOYMENT_TARGET = 14.5;
				LD_RUNPATH_SEARCH_PATHS = (
					"$(inherited)",
					"@executable_path/Frameworks",
					"@loader_path/Frameworks",
				);
				PRODUCT_BUNDLE_IDENTIFIER = com.personal.SocialMediaAppTests;
				PRODUCT_NAME = "$(TARGET_NAME)";
				SWIFT_VERSION = 5.0;
				TARGETED_DEVICE_FAMILY = "1,2";
				TEST_HOST = "$(BUILT_PRODUCTS_DIR)/SocialMediaApp.app/SocialMediaApp";
			};
			name = Release;
		};
		25A6CE2A26B7DAF100C391A2 /* Debug */ = {
			isa = XCBuildConfiguration;
			buildSettings = {
				ALWAYS_EMBED_SWIFT_STANDARD_LIBRARIES = YES;
				CODE_SIGN_STYLE = Automatic;
				INFOPLIST_FILE = SocialMediaAppUITests/Info.plist;
				LD_RUNPATH_SEARCH_PATHS = (
					"$(inherited)",
					"@executable_path/Frameworks",
					"@loader_path/Frameworks",
				);
				PRODUCT_BUNDLE_IDENTIFIER = com.personal.SocialMediaAppUITests;
				PRODUCT_NAME = "$(TARGET_NAME)";
				SWIFT_VERSION = 5.0;
				TARGETED_DEVICE_FAMILY = "1,2";
				TEST_TARGET_NAME = SocialMediaApp;
			};
			name = Debug;
		};
		25A6CE2B26B7DAF100C391A2 /* Release */ = {
			isa = XCBuildConfiguration;
			buildSettings = {
				ALWAYS_EMBED_SWIFT_STANDARD_LIBRARIES = YES;
				CODE_SIGN_STYLE = Automatic;
				INFOPLIST_FILE = SocialMediaAppUITests/Info.plist;
				LD_RUNPATH_SEARCH_PATHS = (
					"$(inherited)",
					"@executable_path/Frameworks",
					"@loader_path/Frameworks",
				);
				PRODUCT_BUNDLE_IDENTIFIER = com.personal.SocialMediaAppUITests;
				PRODUCT_NAME = "$(TARGET_NAME)";
				SWIFT_VERSION = 5.0;
				TARGETED_DEVICE_FAMILY = "1,2";
				TEST_TARGET_NAME = SocialMediaApp;
			};
			name = Release;
		};
/* End XCBuildConfiguration section */

/* Begin XCConfigurationList section */
		25A6CDF426B7DAEB00C391A2 /* Build configuration list for PBXProject "SocialMediaApp" */ = {
			isa = XCConfigurationList;
			buildConfigurations = (
				25A6CE2126B7DAF100C391A2 /* Debug */,
				25A6CE2226B7DAF100C391A2 /* Release */,
			);
			defaultConfigurationIsVisible = 0;
			defaultConfigurationName = Release;
		};
		25A6CE2326B7DAF100C391A2 /* Build configuration list for PBXNativeTarget "SocialMediaApp" */ = {
			isa = XCConfigurationList;
			buildConfigurations = (
				25A6CE2426B7DAF100C391A2 /* Debug */,
				25A6CE2526B7DAF100C391A2 /* Release */,
			);
			defaultConfigurationIsVisible = 0;
			defaultConfigurationName = Release;
		};
		25A6CE2626B7DAF100C391A2 /* Build configuration list for PBXNativeTarget "SocialMediaAppTests" */ = {
			isa = XCConfigurationList;
			buildConfigurations = (
				25A6CE2726B7DAF100C391A2 /* Debug */,
				25A6CE2826B7DAF100C391A2 /* Release */,
			);
			defaultConfigurationIsVisible = 0;
			defaultConfigurationName = Release;
		};
		25A6CE2926B7DAF100C391A2 /* Build configuration list for PBXNativeTarget "SocialMediaAppUITests" */ = {
			isa = XCConfigurationList;
			buildConfigurations = (
				25A6CE2A26B7DAF100C391A2 /* Debug */,
				25A6CE2B26B7DAF100C391A2 /* Release */,
			);
			defaultConfigurationIsVisible = 0;
			defaultConfigurationName = Release;
		};
/* End XCConfigurationList section */
	};
	rootObject = 25A6CDF126B7DAEB00C391A2 /* Project object */;
}
